
Microsoft Visual Studio Solution File, Format Version 12.00
# Visual Studio 15
VisualStudioVersion = 15.0.27703.2000
MinimumVisualStudioVersion = 10.0.40219.1
Project("{FAE04EC0-301F-11D3-BF4B-00C04F79EFBC}") = "Api", "Api\Api.csproj", "{B58702A0-D7D6-4CAE-AA5E-2447A6DBD0FC}"
EndProject
Global
	GlobalSection(SolutionConfigurationPlatforms) = preSolution
		Debug|Any CPU = Debug|Any CPU
		Release|Any CPU = Release|Any CPU
	EndGlobalSection
	GlobalSection(ProjectConfigurationPlatforms) = postSolution
		{B58702A0-D7D6-4CAE-AA5E-2447A6DBD0FC}.Debug|Any CPU.ActiveCfg = Debug|Any CPU
		{B58702A0-D7D6-4CAE-AA5E-2447A6DBD0FC}.Debug|Any CPU.Build.0 = Debug|Any CPU
		{B58702A0-D7D6-4CAE-AA5E-2447A6DBD0FC}.Release|Any CPU.ActiveCfg = Release|Any CPU
		{B58702A0-D7D6-4CAE-AA5E-2447A6DBD0FC}.Release|Any CPU.Build.0 = Release|Any CPU
	EndGlobalSection
	GlobalSection(SolutionProperties) = preSolution
		HideSolutionNode = FALSE
	EndGlobalSection
	GlobalSection(ExtensibilityGlobals) = postSolution
		SolutionGuid = {3BDB135D-F590-4A0A-9A49-B8DDA7FD6B6B}
	EndGlobalSection
EndGlobal
