
Microsoft Visual Studio Solution File, Format Version 12.00
# Visual Studio Version 17
VisualStudioVersion = 17.3.32901.215
MinimumVisualStudioVersion = 10.0.40219.1
Project("{FAE04EC0-301F-11D3-BF4B-00C04F79EFBC}") = "ASPNETCORE6", "ASPNETCORE6\ASPNETCORE6.csproj", "{D2A078D9-F023-4E87-898E-8E58FB54E83D}"
EndProject
Global
	GlobalSection(SolutionConfigurationPlatforms) = preSolution
		Debug|Any CPU = Debug|Any CPU
		Release|Any CPU = Release|Any CPU
	EndGlobalSection
	GlobalSection(ProjectConfigurationPlatforms) = postSolution
		{D2A078D9-F023-4E87-898E-8E58FB54E83D}.Debug|Any CPU.ActiveCfg = Debug|Any CPU
		{D2A078D9-F023-4E87-898E-8E58FB54E83D}.Debug|Any CPU.Build.0 = Debug|Any CPU
		{D2A078D9-F023-4E87-898E-8E58FB54E83D}.Release|Any CPU.ActiveCfg = Release|Any CPU
		{D2A078D9-F023-4E87-898E-8E58FB54E83D}.Release|Any CPU.Build.0 = Release|Any CPU
	EndGlobalSection
	GlobalSection(SolutionProperties) = preSolution
		HideSolutionNode = FALSE
	EndGlobalSection
	GlobalSection(ExtensibilityGlobals) = postSolution
		SolutionGuid = {3BDB135D-F590-4A0A-9A49-B8DDA7FD6B6B}
	EndGlobalSection
EndGlobal
